
Microsoft Visual Studio Solution File, Format Version 12.00
# Visual Studio Version 17
VisualStudioVersion = 17.7.34031.279
MinimumVisualStudioVersion = 10.0.40219.1
Project("{FAE04EC0-301F-11D3-BF4B-00C04F79EFBC}") = "Lab01", "Lab01\Lab01.csproj", "{E54CE0C3-B008-4B93-AA13-464E68F291AC}"
EndProject
Global
	GlobalSection(SolutionConfigurationPlatforms) = preSolution
		Debug|Any CPU = Debug|Any CPU
		Release|Any CPU = Release|Any CPU
	EndGlobalSection
	GlobalSection(ProjectConfigurationPlatforms) = postSolution
		{E54CE0C3-B008-4B93-AA13-464E68F291AC}.Debug|Any CPU.ActiveCfg = Debug|Any CPU
		{E54CE0C3-B008-4B93-AA13-464E68F291AC}.Debug|Any CPU.Build.0 = Debug|Any CPU
		{E54CE0C3-B008-4B93-AA13-464E68F291AC}.Release|Any CPU.ActiveCfg = Release|Any CPU
		{E54CE0C3-B008-4B93-AA13-464E68F291AC}.Release|Any CPU.Build.0 = Release|Any CPU
	EndGlobalSection
	GlobalSection(SolutionProperties) = preSolution
		HideSolutionNode = FALSE
	EndGlobalSection
	GlobalSection(ExtensibilityGlobals) = postSolution
		SolutionGuid = {7E2536F4-054E-4DFD-B1EE-65DC3E212536}
	EndGlobalSection
EndGlobal
